{
  "name": "TestHero_webapp",
  "lockfileVersion": 3,
  "requires": true,
  "packages": {
    "": {
      "dependencies": {
        "bootstrap": "^5.2.3",
        "moment": "^2.29.4",
        "react-router-dom": "^5.3.4",
        "sweetalert": "^2.1.2",
        "victory": "^34.0.0",
        "victory-histogram": "^36.6.10"
      }
    },
    "node_modules/@babel/runtime": {
      "version": "7.22.3",
      "resolved": "https://registry.npmjs.org/@babel/runtime/-/runtime-7.22.3.tgz",
      "integrity": "sha512-XsDuspWKLUsxwCp6r7EhsExHtYfbe5oAGQ19kqngTdCPUoPQzOPdUbD/pB9PJiwb2ptYKQDjSJT3R6dC+EPqfQ==",
      "dependencies": {
        "regenerator-runtime": "^0.13.11"
      },
      "engines": {
        "node": ">=6.9.0"
      }
    },
    "node_modules/@popperjs/core": {
      "version": "2.11.7",
      "resolved": "https://registry.npmjs.org/@popperjs/core/-/core-2.11.7.tgz",
      "integrity": "sha512-Cr4OjIkipTtcXKjAsm8agyleBuDHvxzeBoa1v543lbv1YaIwQjESsVcmjiWiPEbC1FIeHOG/Op9kdCmAmiS3Kw==",
      "peer": true,
      "funding": {
        "type": "opencollective",
        "url": "https://opencollective.com/popperjs"
      }
    },
    "node_modules/@types/d3-array": {
      "version": "3.0.5",
      "resolved": "https://registry.npmjs.org/@types/d3-array/-/d3-array-3.0.5.tgz",
      "integrity": "sha512-Qk7fpJ6qFp+26VeQ47WY0mkwXaiq8+76RJcncDEfMc2ocRzXLO67bLFRNI4OX1aGBoPzsM5Y2T+/m1pldOgD+A=="
    },
    "node_modules/@types/d3-color": {
      "version": "3.1.0",
      "resolved": "https://registry.npmjs.org/@types/d3-color/-/d3-color-3.1.0.tgz",
      "integrity": "sha512-HKuicPHJuvPgCD+np6Se9MQvS6OCbJmOjGvylzMJRlDwUXjKTTXs6Pwgk79O09Vj/ho3u1ofXnhFOaEWWPrlwA=="
    },
    "node_modules/@types/d3-ease": {
      "version": "3.0.0",
      "resolved": "https://registry.npmjs.org/@types/d3-ease/-/d3-ease-3.0.0.tgz",
      "integrity": "sha512-aMo4eaAOijJjA6uU+GIeW018dvy9+oH5Y2VPPzjjfxevvGQ/oRDs+tfYC9b50Q4BygRR8yE2QCLsrT0WtAVseA=="
    },
    "node_modules/@types/d3-interpolate": {
      "version": "3.0.1",
      "resolved": "https://registry.npmjs.org/@types/d3-interpolate/-/d3-interpolate-3.0.1.tgz",
      "integrity": "sha512-jx5leotSeac3jr0RePOH1KdR9rISG91QIE4Q2PYTu4OymLTZfA3SrnURSLzKH48HmXVUru50b8nje4E79oQSQw==",
      "dependencies": {
        "@types/d3-color": "*"
      }
    },
    "node_modules/@types/d3-path": {
      "version": "3.0.0",
      "resolved": "https://registry.npmjs.org/@types/d3-path/-/d3-path-3.0.0.tgz",
      "integrity": "sha512-0g/A+mZXgFkQxN3HniRDbXMN79K3CdTpLsevj+PXiTcb2hVyvkZUBg37StmgCQkaD84cUJ4uaDAWq7UJOQy2Tg=="
    },
    "node_modules/@types/d3-scale": {
      "version": "4.0.3",
      "resolved": "https://registry.npmjs.org/@types/d3-scale/-/d3-scale-4.0.3.tgz",
      "integrity": "sha512-PATBiMCpvHJSMtZAMEhc2WyL+hnzarKzI6wAHYjhsonjWJYGq5BXTzQjv4l8m2jO183/4wZ90rKvSeT7o72xNQ==",
      "dependencies": {
        "@types/d3-time": "*"
      }
    },
    "node_modules/@types/d3-shape": {
      "version": "3.1.1",
      "resolved": "https://registry.npmjs.org/@types/d3-shape/-/d3-shape-3.1.1.tgz",
      "integrity": "sha512-6Uh86YFF7LGg4PQkuO2oG6EMBRLuW9cbavUW46zkIO5kuS2PfTqo2o9SkgtQzguBHbLgNnU90UNsITpsX1My+A==",
      "dependencies": {
        "@types/d3-path": "*"
      }
    },
    "node_modules/@types/d3-time": {
      "version": "3.0.0",
      "resolved": "https://registry.npmjs.org/@types/d3-time/-/d3-time-3.0.0.tgz",
      "integrity": "sha512-sZLCdHvBUcNby1cB6Fd3ZBrABbjz3v1Vm90nysCQ6Vt7vd6e/h9Lt7SiJUoEX0l4Dzc7P5llKyhqSi1ycSf1Hg=="
    },
    "node_modules/@types/d3-timer": {
      "version": "3.0.0",
      "resolved": "https://registry.npmjs.org/@types/d3-timer/-/d3-timer-3.0.0.tgz",
      "integrity": "sha512-HNB/9GHqu7Fo8AQiugyJbv6ZxYz58wef0esl4Mv828w1ZKpAshw/uFWVDUcIB9KKFeFKoxS3cHY07FFgtTRZ1g=="
    },
    "node_modules/bootstrap": {
      "version": "5.2.3",
      "resolved": "https://registry.npmjs.org/bootstrap/-/bootstrap-5.2.3.tgz",
      "integrity": "sha512-cEKPM+fwb3cT8NzQZYEu4HilJ3anCrWqh3CHAok1p9jXqMPsPTBhU25fBckEJHJ/p+tTxTFTsFQGM+gaHpi3QQ==",
      "funding": [
        {
          "type": "github",
          "url": "https://github.com/sponsors/twbs"
        },
        {
          "type": "opencollective",
          "url": "https://opencollective.com/bootstrap"
        }
      ],
      "peerDependencies": {
        "@popperjs/core": "^2.11.6"
      }
    },
    "node_modules/d3-array": {
      "version": "1.2.4",
      "resolved": "https://registry.npmjs.org/d3-array/-/d3-array-1.2.4.tgz",
      "integrity": "sha512-KHW6M86R+FUPYGb3R5XiYjXPq7VzwxZ22buHhAEVG5ztoEcZZMLov530mmccaqA1GghZArjQV46fuc8kUqhhHw=="
    },
    "node_modules/d3-collection": {
      "version": "1.0.7",
      "resolved": "https://registry.npmjs.org/d3-collection/-/d3-collection-1.0.7.tgz",
      "integrity": "sha512-ii0/r5f4sjKNTfh84Di+DpztYwqKhEyUlKoPrzUFfeSkWxjW49xU2QzO9qrPrNkpdI0XJkfzvmTu8V2Zylln6A=="
    },
    "node_modules/d3-color": {
      "version": "1.4.1",
      "resolved": "https://registry.npmjs.org/d3-color/-/d3-color-1.4.1.tgz",
      "integrity": "sha512-p2sTHSLCJI2QKunbGb7ocOh7DgTAn8IrLx21QRc/BSnodXM4sv6aLQlnfpvehFMLZEfBc6g9pH9SWQccFYfJ9Q=="
    },
    "node_modules/d3-ease": {
      "version": "1.0.7",
      "resolved": "https://registry.npmjs.org/d3-ease/-/d3-ease-1.0.7.tgz",
      "integrity": "sha512-lx14ZPYkhNx0s/2HX5sLFUI3mbasHjSSpwO/KaaNACweVwxUruKyWVcb293wMv1RqTPZyZ8kSZ2NogUZNcLOFQ=="
    },
    "node_modules/d3-format": {
      "version": "1.4.5",
      "resolved": "https://registry.npmjs.org/d3-format/-/d3-format-1.4.5.tgz",
      "integrity": "sha512-J0piedu6Z8iB6TbIGfZgDzfXxUFN3qQRMofy2oPdXzQibYGqPB/9iMcxr/TGalU+2RsyDO+U4f33id8tbnSRMQ=="
    },
    "node_modules/d3-interpolate": {
      "version": "1.4.0",
      "resolved": "https://registry.npmjs.org/d3-interpolate/-/d3-interpolate-1.4.0.tgz",
      "integrity": "sha512-V9znK0zc3jOPV4VD2zZn0sDhZU3WAE2bmlxdIwwQPPzPjvyLkd8B3JUVdS1IDUFDkWZ72c9qnv1GK2ZagTZ8EA==",
      "dependencies": {
        "d3-color": "1"
      }
    },
    "node_modules/d3-path": {
      "version": "1.0.9",
      "resolved": "https://registry.npmjs.org/d3-path/-/d3-path-1.0.9.tgz",
      "integrity": "sha512-VLaYcn81dtHVTjEHd8B+pbe9yHWpXKZUC87PzoFmsFrJqgFwDe/qxfp5MlfsfM1V5E/iVt0MmEbWQ7FVIXh/bg=="
    },
    "node_modules/d3-scale": {
      "version": "1.0.7",
      "resolved": "https://registry.npmjs.org/d3-scale/-/d3-scale-1.0.7.tgz",
      "integrity": "sha512-KvU92czp2/qse5tUfGms6Kjig0AhHOwkzXG0+PqIJB3ke0WUv088AHMZI0OssO9NCkXt4RP8yju9rpH8aGB7Lw==",
      "dependencies": {
        "d3-array": "^1.2.0",
        "d3-collection": "1",
        "d3-color": "1",
        "d3-format": "1",
        "d3-interpolate": "1",
        "d3-time": "1",
        "d3-time-format": "2"
      }
    },
    "node_modules/d3-shape": {
      "version": "1.3.7",
      "resolved": "https://registry.npmjs.org/d3-shape/-/d3-shape-1.3.7.tgz",
      "integrity": "sha512-EUkvKjqPFUAZyOlhY5gzCxCeI0Aep04LwIRpsZ/mLFelJiUfnK56jo5JMDSE7yyP2kLSb6LtF+S5chMk7uqPqw==",
      "dependencies": {
        "d3-path": "1"
      }
    },
    "node_modules/d3-time": {
      "version": "1.1.0",
      "resolved": "https://registry.npmjs.org/d3-time/-/d3-time-1.1.0.tgz",
      "integrity": "sha512-Xh0isrZ5rPYYdqhAVk8VLnMEidhz5aP7htAADH6MfzgmmicPkTo8LhkLxci61/lCB7n7UmE3bN0leRt+qvkLxA=="
    },
    "node_modules/d3-time-format": {
      "version": "2.3.0",
      "resolved": "https://registry.npmjs.org/d3-time-format/-/d3-time-format-2.3.0.tgz",
      "integrity": "sha512-guv6b2H37s2Uq/GefleCDtbe0XZAuy7Wa49VGkPVPMfLL9qObgBST3lEHJBMUp8S7NdLQAGIvr2KXk8Hc98iKQ==",
      "dependencies": {
        "d3-time": "1"
      }
    },
    "node_modules/d3-timer": {
      "version": "1.0.10",
      "resolved": "https://registry.npmjs.org/d3-timer/-/d3-timer-1.0.10.tgz",
      "integrity": "sha512-B1JDm0XDaQC+uvo4DT79H0XmBskgS3l6Ve+1SBCfxgmtIb1AVrPIoqd+nPSv+loMX8szQ0sVUhGngL7D5QPiXw=="
    },
    "node_modules/d3-voronoi": {
      "version": "1.1.4",
      "resolved": "https://registry.npmjs.org/d3-voronoi/-/d3-voronoi-1.1.4.tgz",
      "integrity": "sha512-dArJ32hchFsrQ8uMiTBLq256MpnZjeuBtdHpaDlYuQyjU0CVzCJl/BVW+SkszaAeH95D/8gxqAhgx0ouAWAfRg=="
    },
    "node_modules/delaunator": {
      "version": "4.0.1",
      "resolved": "https://registry.npmjs.org/delaunator/-/delaunator-4.0.1.tgz",
      "integrity": "sha512-WNPWi1IRKZfCt/qIDMfERkDp93+iZEmOxN2yy4Jg+Xhv8SLk2UTqqbe1sfiipn0and9QrE914/ihdx82Y/Giag=="
    },
    "node_modules/delaunay-find": {
      "version": "0.0.5",
      "resolved": "https://registry.npmjs.org/delaunay-find/-/delaunay-find-0.0.5.tgz",
      "integrity": "sha512-7yAJ/wmKWj3SgqjtkGqT/RCwI0HWAo5YnHMoF5nYXD8cdci+YSo23iPmgrZUNOpDxRWN91PqxUvMMr2lKpjr+w==",
      "dependencies": {
        "delaunator": "^4.0.0"
      }
    },
    "node_modules/es6-object-assign": {
      "version": "1.1.0",
      "resolved": "https://registry.npmjs.org/es6-object-assign/-/es6-object-assign-1.1.0.tgz",
      "integrity": "sha512-MEl9uirslVwqQU369iHNWZXsI8yaZYGg/D65aOgZkeyFJwHYSxilf7rQzXKI7DdDuBPrBXbfk3sl9hJhmd5AUw=="
    },
    "node_modules/history": {
      "version": "4.10.1",
      "resolved": "https://registry.npmjs.org/history/-/history-4.10.1.tgz",
      "integrity": "sha512-36nwAD620w12kuzPAsyINPWJqlNbij+hpK1k9XRloDtym8mxzGYl2c17LnV6IAGB2Dmg4tEa7G7DlawS0+qjew==",
      "dependencies": {
        "@babel/runtime": "^7.1.2",
        "loose-envify": "^1.2.0",
        "resolve-pathname": "^3.0.0",
        "tiny-invariant": "^1.0.2",
        "tiny-warning": "^1.0.0",
        "value-equal": "^1.0.1"
      }
    },
    "node_modules/hoist-non-react-statics": {
      "version": "3.3.2",
      "resolved": "https://registry.npmjs.org/hoist-non-react-statics/-/hoist-non-react-statics-3.3.2.tgz",
      "integrity": "sha512-/gGivxi8JPKWNm/W0jSmzcMPpfpPLc3dY/6GxhX2hQ9iGj3aDfklV4ET7NjKpSinLpJ5vafa9iiGIEZg10SfBw==",
      "dependencies": {
        "react-is": "^16.7.0"
      }
    },
    "node_modules/internmap": {
      "version": "2.0.3",
      "resolved": "https://registry.npmjs.org/internmap/-/internmap-2.0.3.tgz",
      "integrity": "sha512-5Hh7Y1wQbvY5ooGgPbDaL5iYLAPzMTUrjMulskHLH6wnv/A+1q5rgEaiuqEjB+oxGXIVZs1FF+R/KPN3ZSQYYg==",
      "engines": {
        "node": ">=12"
      }
    },
    "node_modules/isarray": {
      "version": "0.0.1",
      "resolved": "https://registry.npmjs.org/isarray/-/isarray-0.0.1.tgz",
      "integrity": "sha512-D2S+3GLxWH+uhrNEcoh/fnmYeP8E8/zHl644d/jdA0g2uyXvy3sb0qxotE+ne0LtccHknQzWwZEzhak7oJ0COQ=="
    },
    "node_modules/js-tokens": {
      "version": "4.0.0",
      "resolved": "https://registry.npmjs.org/js-tokens/-/js-tokens-4.0.0.tgz",
      "integrity": "sha512-RdJUflcE3cUzKiMqQgsCu06FPu9UdIJO0beYbPhHN4k6apgJtifcoCtT9bcxOpYBtpD2kCM6Sbzg4CausW/PKQ=="
    },
    "node_modules/lodash": {
      "version": "4.17.21",
      "resolved": "https://registry.npmjs.org/lodash/-/lodash-4.17.21.tgz",
      "integrity": "sha512-v2kDEe57lecTulaDIuNTPy3Ry4gLGJ6Z1O3vE1krgXZNrsQ+LFTGHVxVjcXPs17LhbZVGedAJv8XZ1tvj5FvSg=="
    },
    "node_modules/loose-envify": {
      "version": "1.4.0",
      "resolved": "https://registry.npmjs.org/loose-envify/-/loose-envify-1.4.0.tgz",
      "integrity": "sha512-lyuxPGr/Wfhrlem2CL/UcnUc1zcqKAImBDzukY7Y5F/yQiNdko6+fRLevlw1HgMySw7f611UIY408EtxRSoK3Q==",
      "dependencies": {
        "js-tokens": "^3.0.0 || ^4.0.0"
      },
      "bin": {
        "loose-envify": "cli.js"
      }
    },
    "node_modules/moment": {
      "version": "2.29.4",
      "resolved": "https://registry.npmjs.org/moment/-/moment-2.29.4.tgz",
      "integrity": "sha512-5LC9SOxjSc2HF6vO2CyuTDNivEdoz2IvyJJGj6X8DJ0eFyfszE0QiEd+iXmBvUP3WHxSjFH/vIsA0EN00cgr8w==",
      "engines": {
        "node": "*"
      }
    },
    "node_modules/object-assign": {
      "version": "4.1.1",
      "resolved": "https://registry.npmjs.org/object-assign/-/object-assign-4.1.1.tgz",
      "integrity": "sha512-rJgTQnkUnH1sFw8yT6VSU3zD3sWmu6sZhIseY8VX+GRu3P6F7Fu+JNDoXfklElbLJSnc3FUQHVe4cU5hj+BcUg==",
      "engines": {
        "node": ">=0.10.0"
      }
    },
    "node_modules/path-to-regexp": {
      "version": "1.8.0",
      "resolved": "https://registry.npmjs.org/path-to-regexp/-/path-to-regexp-1.8.0.tgz",
      "integrity": "sha512-n43JRhlUKUAlibEJhPeir1ncUID16QnEjNpwzNdO3Lm4ywrBpBZ5oLD0I6br9evr1Y9JTqwRtAh7JLoOzAQdVA==",
      "dependencies": {
        "isarray": "0.0.1"
      }
    },
    "node_modules/promise-polyfill": {
      "version": "6.1.0",
      "resolved": "https://registry.npmjs.org/promise-polyfill/-/promise-polyfill-6.1.0.tgz",
      "integrity": "sha512-g0LWaH0gFsxovsU7R5LrrhHhWAWiHRnh1GPrhXnPgYsDkIqjRYUYSZEsej/wtleDrz5xVSIDbeKfidztp2XHFQ=="
    },
    "node_modules/prop-types": {
      "version": "15.8.1",
      "resolved": "https://registry.npmjs.org/prop-types/-/prop-types-15.8.1.tgz",
      "integrity": "sha512-oj87CgZICdulUohogVAR7AjlC0327U4el4L6eAvOqCeudMDVU0NThNaV+b9Df4dXgSP1gXMTnPdhfe/2qDH5cg==",
      "dependencies": {
        "loose-envify": "^1.4.0",
        "object-assign": "^4.1.1",
        "react-is": "^16.13.1"
      }
    },
    "node_modules/react": {
      "version": "18.2.0",
      "resolved": "https://registry.npmjs.org/react/-/react-18.2.0.tgz",
      "integrity": "sha512-/3IjMdb2L9QbBdWiW5e3P2/npwMBaU9mHCSCUzNln0ZCYbcfTsGbTJrU/kGemdH2IWmB2ioZ+zkxtmq6g09fGQ==",
      "peer": true,
      "dependencies": {
        "loose-envify": "^1.1.0"
      },
      "engines": {
        "node": ">=0.10.0"
      }
    },
    "node_modules/react-fast-compare": {
      "version": "2.0.4",
      "resolved": "https://registry.npmjs.org/react-fast-compare/-/react-fast-compare-2.0.4.tgz",
      "integrity": "sha512-suNP+J1VU1MWFKcyt7RtjiSWUjvidmQSlqu+eHslq+342xCbGTYmC0mEhPCOHxlW0CywylOC1u2DFAT+bv4dBw=="
    },
    "node_modules/react-is": {
      "version": "16.13.1",
      "resolved": "https://registry.npmjs.org/react-is/-/react-is-16.13.1.tgz",
      "integrity": "sha512-24e6ynE2H+OKt4kqsOvNd8kBpV65zoxbA4BVsEOB3ARVWQki/DHzaUoC5KuON/BiccDaCCTZBuOcfZs70kR8bQ=="
    },
    "node_modules/react-router": {
      "version": "5.3.4",
      "resolved": "https://registry.npmjs.org/react-router/-/react-router-5.3.4.tgz",
      "integrity": "sha512-Ys9K+ppnJah3QuaRiLxk+jDWOR1MekYQrlytiXxC1RyfbdsZkS5pvKAzCCr031xHixZwpnsYNT5xysdFHQaYsA==",
      "dependencies": {
        "@babel/runtime": "^7.12.13",
        "history": "^4.9.0",
        "hoist-non-react-statics": "^3.1.0",
        "loose-envify": "^1.3.1",
        "path-to-regexp": "^1.7.0",
        "prop-types": "^15.6.2",
        "react-is": "^16.6.0",
        "tiny-invariant": "^1.0.2",
        "tiny-warning": "^1.0.0"
      },
      "peerDependencies": {
        "react": ">=15"
      }
    },
    "node_modules/react-router-dom": {
      "version": "5.3.4",
      "resolved": "https://registry.npmjs.org/react-router-dom/-/react-router-dom-5.3.4.tgz",
      "integrity": "sha512-m4EqFMHv/Ih4kpcBCONHbkT68KoAeHN4p3lAGoNryfHi0dMy0kCzEZakiKRsvg5wHZ/JLrLW8o8KomWiz/qbYQ==",
      "dependencies": {
        "@babel/runtime": "^7.12.13",
        "history": "^4.9.0",
        "loose-envify": "^1.3.1",
        "prop-types": "^15.6.2",
        "react-router": "5.3.4",
        "tiny-invariant": "^1.0.2",
        "tiny-warning": "^1.0.0"
      },
      "peerDependencies": {
        "react": ">=15"
      }
    },
    "node_modules/regenerator-runtime": {
      "version": "0.13.11",
      "resolved": "https://registry.npmjs.org/regenerator-runtime/-/regenerator-runtime-0.13.11.tgz",
      "integrity": "sha512-kY1AZVr2Ra+t+piVaJ4gxaFaReZVH40AKNo7UCX6W+dEwBo/2oZJzqfuN1qLq1oL45o56cPaTXELwrTh8Fpggg=="
    },
    "node_modules/resolve-pathname": {
      "version": "3.0.0",
      "resolved": "https://registry.npmjs.org/resolve-pathname/-/resolve-pathname-3.0.0.tgz",
      "integrity": "sha512-C7rARubxI8bXFNB/hqcp/4iUeIXJhJZvFPFPiSPRnhU5UPxzMFIl+2E6yY6c4k9giDJAhtV+enfA+G89N6Csng=="
    },
    "node_modules/sweetalert": {
      "version": "2.1.2",
      "resolved": "https://registry.npmjs.org/sweetalert/-/sweetalert-2.1.2.tgz",
      "integrity": "sha512-iWx7X4anRBNDa/a+AdTmvAzQtkN1+s4j/JJRWlHpYE8Qimkohs8/XnFcWeYHH2lMA8LRCa5tj2d244If3S/hzA==",
      "dependencies": {
        "es6-object-assign": "^1.1.0",
        "promise-polyfill": "^6.0.2"
      }
    },
    "node_modules/tiny-invariant": {
      "version": "1.3.1",
      "resolved": "https://registry.npmjs.org/tiny-invariant/-/tiny-invariant-1.3.1.tgz",
      "integrity": "sha512-AD5ih2NlSssTCwsMznbvwMZpJ1cbhkGd2uueNxzv2jDlEeZdU04JQfRnggJQ8DrcVBGjAsCKwFBbDlVNtEMlzw=="
    },
    "node_modules/tiny-warning": {
      "version": "1.0.3",
      "resolved": "https://registry.npmjs.org/tiny-warning/-/tiny-warning-1.0.3.tgz",
      "integrity": "sha512-lBN9zLN/oAf68o3zNXYrdCt1kP8WsiGW8Oo2ka41b2IM5JL/S1CTyX1rW0mb/zSuJun0ZUrDxx4sqvYS2FWzPA=="
    },
    "node_modules/value-equal": {
      "version": "1.0.1",
      "resolved": "https://registry.npmjs.org/value-equal/-/value-equal-1.0.1.tgz",
      "integrity": "sha512-NOJ6JZCAWr0zlxZt+xqCHNTEKOsrks2HQd4MqhP1qy4z1SkbEP467eNx6TgDKXMvUOb+OENfJCZwM+16n7fRfw=="
    },
    "node_modules/victory": {
      "version": "34.0.0",
      "resolved": "https://registry.npmjs.org/victory/-/victory-34.0.0.tgz",
      "integrity": "sha512-8s+UCJcUSPTB+LTE1wAs9wQI5JSBKPEOtJTqKHPAsnWMWgR9aY9Mkr33shVKbemHG5ZKNVSu8Asg/Z1kq/vBkw==",
      "dependencies": {
        "victory-area": "^34.0.0",
        "victory-axis": "^34.0.0",
        "victory-bar": "^34.0.0",
        "victory-box-plot": "^34.0.0",
        "victory-brush-container": "^34.0.0",
        "victory-brush-line": "^34.0.0",
        "victory-candlestick": "^34.0.0",
        "victory-chart": "^34.0.0",
        "victory-core": "^34.0.0",
        "victory-create-container": "^34.0.0",
        "victory-cursor-container": "^34.0.0",
        "victory-errorbar": "^34.0.0",
        "victory-group": "^34.0.0",
        "victory-legend": "^34.0.0",
        "victory-line": "^34.0.0",
        "victory-pie": "^34.0.0",
        "victory-polar-axis": "^34.0.0",
        "victory-scatter": "^34.0.0",
        "victory-selection-container": "^34.0.0",
        "victory-shared-events": "^34.0.0",
        "victory-stack": "^34.0.0",
        "victory-tooltip": "^34.0.0",
        "victory-voronoi": "^34.0.0",
        "victory-voronoi-container": "^34.0.0",
        "victory-zoom-container": "^34.0.0"
      }
    },
    "node_modules/victory-area": {
      "version": "34.3.12",
      "resolved": "https://registry.npmjs.org/victory-area/-/victory-area-34.3.12.tgz",
      "integrity": "sha512-DhD3zeYQyEME5ZH5VtJRSs10bKbyP6WJfaG8mLhtVezPsUFuI6QMKzn2kkrxHnVHa5d7ZS92LV+T9/i0DWZW7w==",
      "dependencies": {
        "d3-shape": "^1.2.0",
        "lodash": "^4.17.15",
        "prop-types": "^15.5.8",
        "victory-core": "^34.3.12"
      }
    },
    "node_modules/victory-axis": {
      "version": "34.3.12",
      "resolved": "https://registry.npmjs.org/victory-axis/-/victory-axis-34.3.12.tgz",
      "integrity": "sha512-e9gN88e1Z+/KIqaWgwTYbpV9T5nGIivfU4X/2MKm6ImQpffgNVQL04hWDn2Cm125F9qYUu17ov+fsMfM4nGS3Q==",
      "dependencies": {
        "lodash": "^4.17.15",
        "prop-types": "^15.5.8",
        "victory-core": "^34.3.12"
      }
    },
    "node_modules/victory-bar": {
      "version": "34.3.12",
      "resolved": "https://registry.npmjs.org/victory-bar/-/victory-bar-34.3.12.tgz",
      "integrity": "sha512-jOXB5/tEqhvF7SoTjLuk9jlJfLXw8b4u3AAiKdOlljCnATlnk0a3kBeqjo3+44TVNm98ej70ctAEFl9czUbSYg==",
      "dependencies": {
        "d3-shape": "^1.2.0",
        "lodash": "^4.17.15",
        "prop-types": "^15.5.8",
        "victory-core": "^34.3.12"
      }
    },
    "node_modules/victory-box-plot": {
      "version": "34.3.12",
      "resolved": "https://registry.npmjs.org/victory-box-plot/-/victory-box-plot-34.3.12.tgz",
      "integrity": "sha512-KoTx/ukSjhB0iVAK0QrAQWk2z1SO8o2AyJJr6FZGB/oc4vzwV3r7pyIElgmQARrKuOVvDHc4yxduTM6fd4SFzg==",
      "dependencies": {
        "d3-array": "^1.2.0",
        "lodash": "^4.17.15",
        "prop-types": "^15.5.8",
        "victory-core": "^34.3.12"
      }
    },
    "node_modules/victory-brush-container": {
      "version": "34.3.12",
      "resolved": "https://registry.npmjs.org/victory-brush-container/-/victory-brush-container-34.3.12.tgz",
      "integrity": "sha512-2whQOzu3uX2wa1yjjUkCuzLRuhf9i0+7WYoKhSsl42OTw8RQM/aMqQWItDrgoZg7swaeWFK9Fjk/TObiXdn7ng==",
      "dependencies": {
        "lodash": "^4.17.15",
        "prop-types": "^15.5.8",
        "react-fast-compare": "^2.0.0",
        "victory-core": "^34.3.12"
      }
    },
    "node_modules/victory-brush-line": {
      "version": "34.3.12",
      "resolved": "https://registry.npmjs.org/victory-brush-line/-/victory-brush-line-34.3.12.tgz",
      "integrity": "sha512-rCIHbj7Qnud8H0iZQkiLj7m+rs8UyTYraQ887r1+VNSkKat9y1Lokv/dgaWcqsizfeypFoISvA0Rq5ZLwxOa3g==",
      "dependencies": {
        "lodash": "^4.17.15",
        "prop-types": "^15.5.8",
        "react-fast-compare": "^2.0.0",
        "victory-core": "^34.3.12"
      }
    },
    "node_modules/victory-candlestick": {
      "version": "34.3.12",
      "resolved": "https://registry.npmjs.org/victory-candlestick/-/victory-candlestick-34.3.12.tgz",
      "integrity": "sha512-gp5IAnW5s3yKjhSLNOP3H1pkk37/oUQ3nWbTlQq+SYCqrKg1c3pKuetgbQiqI14Gv7j0Z3BTgS4K2t37KFa/rw==",
      "dependencies": {
        "lodash": "^4.17.15",
        "prop-types": "^15.5.8",
        "victory-core": "^34.3.12"
      }
    },
    "node_modules/victory-chart": {
      "version": "34.3.12",
      "resolved": "https://registry.npmjs.org/victory-chart/-/victory-chart-34.3.12.tgz",
      "integrity": "sha512-8jchzdOK3gvpiho2Iob63pf7HVJsljICIrFK9Qcf5983deWLrRg593ghKoQ7haVcIaKafmetC7bmze88fytKvQ==",
      "dependencies": {
        "lodash": "^4.17.15",
        "prop-types": "^15.5.8",
        "react-fast-compare": "^2.0.0",
        "victory-axis": "^34.3.12",
        "victory-core": "^34.3.12",
        "victory-polar-axis": "^34.3.12",
        "victory-shared-events": "^34.3.12"
      }
    },
    "node_modules/victory-core": {
      "version": "34.3.12",
      "resolved": "https://registry.npmjs.org/victory-core/-/victory-core-34.3.12.tgz",
      "integrity": "sha512-/HpSwoWNhrY4dyot/20dntnGa31qiKGWBUpLEU+tukQ3CbY5dQeKBrqg+pce8G0KUHS1xyXlrLhvLV4vDr3QzQ==",
      "dependencies": {
        "d3-ease": "^1.0.0",
        "d3-interpolate": "^1.1.1",
        "d3-scale": "^1.0.0",
        "d3-shape": "^1.2.0",
        "d3-timer": "^1.0.0",
        "lodash": "^4.17.15",
        "prop-types": "^15.5.8",
        "react-fast-compare": "^2.0.0"
      }
    },
    "node_modules/victory-create-container": {
      "version": "34.3.12",
      "resolved": "https://registry.npmjs.org/victory-create-container/-/victory-create-container-34.3.12.tgz",
      "integrity": "sha512-NMSymIUsr4cFWUopPNPghm+7qhv6TaSx6udiqO8EcUWMwpsQoHWSY2ZP3dztKOzXHqAlKg/T33s/M9sSJIwn1g==",
      "dependencies": {
        "lodash": "^4.17.15",
        "victory-brush-container": "^34.3.12",
        "victory-core": "^34.3.12",
        "victory-cursor-container": "^34.3.12",
        "victory-selection-container": "^34.3.12",
        "victory-voronoi-container": "^34.3.12",
        "victory-zoom-container": "^34.3.12"
      }
    },
    "node_modules/victory-cursor-container": {
      "version": "34.3.12",
      "resolved": "https://registry.npmjs.org/victory-cursor-container/-/victory-cursor-container-34.3.12.tgz",
      "integrity": "sha512-QerNe5/GCO0jmKUAtrCcF6I0fn0x8MDLlLO8YTbWwbWNHpUX81GUnPY2M23wjAKgyoOG2qwg7XM54MbvYzumbw==",
      "dependencies": {
        "lodash": "^4.17.15",
        "prop-types": "^15.5.8",
        "victory-core": "^34.3.12"
      }
    },
    "node_modules/victory-errorbar": {
      "version": "34.3.12",
      "resolved": "https://registry.npmjs.org/victory-errorbar/-/victory-errorbar-34.3.12.tgz",
      "integrity": "sha512-4aAhJ7TNs0ZT/5YFEoLQDDCDqgUwReNfjOVu0djCObGhCIXe1V4Sur2QXKg/P6U1jNGZXA58Y58UFNbtOKt32Q==",
      "dependencies": {
        "lodash": "^4.17.15",
        "prop-types": "^15.5.8",
        "victory-core": "^34.3.12"
      }
    },
    "node_modules/victory-group": {
      "version": "34.3.12",
      "resolved": "https://registry.npmjs.org/victory-group/-/victory-group-34.3.12.tgz",
      "integrity": "sha512-bXXNmzr/rvegqCLrvczwTWkrPsuODmlUW0+J58x/2HOCABoduvrr0uIQA2++DcT/MxUQiooKWZdFA1wtU9i4zg==",
      "dependencies": {
        "lodash": "^4.17.15",
        "prop-types": "^15.5.8",
        "react-fast-compare": "^2.0.0",
        "victory-core": "^34.3.12",
        "victory-shared-events": "^34.3.12"
      }
    },
    "node_modules/victory-histogram": {
      "version": "36.6.10",
      "resolved": "https://registry.npmjs.org/victory-histogram/-/victory-histogram-36.6.10.tgz",
      "integrity": "sha512-WlgEN/bwMpFIn6TdlxIc89bkH9JWk58/lPkGD37o+BfwIjv9ney8jou8xDCOwu7rgYGp143gDOAxNhwLByYYpA==",
      "dependencies": {
        "lodash": "^4.17.19",
        "prop-types": "^15.8.1",
        "react-fast-compare": "^3.2.0",
        "victory-bar": "^36.6.10",
        "victory-core": "^36.6.10",
        "victory-vendor": "^36.6.10"
      },
      "peerDependencies": {
        "react": ">=16.6.0"
      }
    },
    "node_modules/victory-histogram/node_modules/react-fast-compare": {
      "version": "3.2.2",
      "resolved": "https://registry.npmjs.org/react-fast-compare/-/react-fast-compare-3.2.2.tgz",
      "integrity": "sha512-nsO+KSNgo1SbJqJEYRE9ERzo7YtYbou/OqjSQKxV7jcKox7+usiUVZOAC+XnDOABXggQTno0Y1CpVnuWEc1boQ=="
    },
    "node_modules/victory-histogram/node_modules/victory-bar": {
      "version": "36.6.10",
      "resolved": "https://registry.npmjs.org/victory-bar/-/victory-bar-36.6.10.tgz",
      "integrity": "sha512-3kmFa3ZEKEx968xrobWzpPebwoDxya3Xqox088NFCopLQ24FoEPLZQboJJY5PM51gyT5GdU+rAqtFc2TG1bL/Q==",
      "dependencies": {
        "lodash": "^4.17.19",
        "prop-types": "^15.8.1",
        "victory-core": "^36.6.10",
        "victory-vendor": "^36.6.10"
      },
      "peerDependencies": {
        "react": ">=16.6.0"
      }
    },
    "node_modules/victory-histogram/node_modules/victory-core": {
      "version": "36.6.10",
      "resolved": "https://registry.npmjs.org/victory-core/-/victory-core-36.6.10.tgz",
      "integrity": "sha512-rXZh6Lm/ex/2pjQQr9kfmS1ebdpO/mYvHup1gFEqzpkTgVXag6QWV8PcZkEK07x9owcfnvgBlfJvYCE6h9NpcA==",
      "dependencies": {
        "lodash": "^4.17.21",
        "prop-types": "^15.8.1",
        "react-fast-compare": "^3.2.0",
        "victory-vendor": "^36.6.10"
      },
      "peerDependencies": {
        "react": ">=16.6.0"
      }
    },
    "node_modules/victory-legend": {
      "version": "34.3.12",
      "resolved": "https://registry.npmjs.org/victory-legend/-/victory-legend-34.3.12.tgz",
      "integrity": "sha512-uti7LmtukBOuwN+dlW43vrBeswq4Kfl00QwGOjyb+z5KWpq6jzjphjpLA9277MQt0AI30r9Vlf3+S/GLM4zLhA==",
      "dependencies": {
        "lodash": "^4.17.15",
        "prop-types": "^15.5.8",
        "victory-core": "^34.3.12"
      }
    },
    "node_modules/victory-line": {
      "version": "34.3.12",
      "resolved": "https://registry.npmjs.org/victory-line/-/victory-line-34.3.12.tgz",
      "integrity": "sha512-LlrsBFNCOiDDDcp7qpaGFUohbXLnbPFxui8vyW2SCk0TylwXGaB53Wt/aG9Xd+VlXROtuI00gHi/VyS/hv/TYg==",
      "dependencies": {
        "d3-shape": "^1.2.0",
        "lodash": "^4.17.15",
        "prop-types": "^15.5.8",
        "victory-core": "^34.3.12"
      }
    },
    "node_modules/victory-pie": {
      "version": "34.3.12",
      "resolved": "https://registry.npmjs.org/victory-pie/-/victory-pie-34.3.12.tgz",
      "integrity": "sha512-t1+EFMpY8fFq5eubuijUCy5xJ23Oy3VQ11qySSymGdW+bXeXf23jawrAKk1Jj4ltUol/R5JGznQssTX9pdxutg==",
      "dependencies": {
        "d3-shape": "^1.0.0",
        "lodash": "^4.17.15",
        "prop-types": "^15.5.8",
        "victory-core": "^34.3.12"
      }
    },
    "node_modules/victory-polar-axis": {
      "version": "34.3.12",
      "resolved": "https://registry.npmjs.org/victory-polar-axis/-/victory-polar-axis-34.3.12.tgz",
      "integrity": "sha512-3TQjxELWDIdIUEdqC2ebWP4PyYrws8RSZj8h7az6nrevSzhsftVpsRUibrHK4+BVAqH0WqQP73iEdSZwcNmfMQ==",
      "dependencies": {
        "lodash": "^4.17.15",
        "prop-types": "^15.5.8",
        "victory-core": "^34.3.12"
      }
    },
    "node_modules/victory-scatter": {
      "version": "34.3.12",
      "resolved": "https://registry.npmjs.org/victory-scatter/-/victory-scatter-34.3.12.tgz",
      "integrity": "sha512-QP7wT2rC/4IdAOJP/o+/LOTR4oHtg6CMXFB+peOiwdqCA7PHyx4UAd4ZF38G1QYxTc/3HGSTArptDLuoLHRssQ==",
      "dependencies": {
        "lodash": "^4.17.15",
        "prop-types": "^15.5.8",
        "victory-core": "^34.3.12"
      }
    },
    "node_modules/victory-selection-container": {
      "version": "34.3.12",
      "resolved": "https://registry.npmjs.org/victory-selection-container/-/victory-selection-container-34.3.12.tgz",
      "integrity": "sha512-ofJ2E1nwswIufKcFF1ezISzdkuWzrUPX1Duc5gIz2AibqGGpjeuzpIfvKeqJgPCx6te10n87pYwT9GxJ3ZXCRg==",
      "dependencies": {
        "lodash": "^4.17.15",
        "prop-types": "^15.5.8",
        "victory-core": "^34.3.12"
      }
    },
    "node_modules/victory-shared-events": {
      "version": "34.3.12",
      "resolved": "https://registry.npmjs.org/victory-shared-events/-/victory-shared-events-34.3.12.tgz",
      "integrity": "sha512-iQ4lTrpASZXk/Fb1Nt3ByXeZR1A6vmk3t+Hikzr9wVjpddO+gxyToYfoAxWMtQqGKNiOKzcjEuQvFJR+ymAC+g==",
      "dependencies": {
        "lodash": "^4.17.15",
        "prop-types": "^15.5.8",
        "react-fast-compare": "^2.0.0",
        "victory-core": "^34.3.12"
      }
    },
    "node_modules/victory-stack": {
      "version": "34.3.12",
      "resolved": "https://registry.npmjs.org/victory-stack/-/victory-stack-34.3.12.tgz",
      "integrity": "sha512-tq6OKg8d10qF4aGtE9jeeCxMvGqr/Zxb1scjnmAiJhDOIZfUP2KYr9co8YmT2izf+MsdPuwCX8vfgGZZ8ORHvA==",
      "dependencies": {
        "lodash": "^4.17.15",
        "prop-types": "^15.5.8",
        "react-fast-compare": "^2.0.0",
        "victory-core": "^34.3.12",
        "victory-shared-events": "^34.3.12"
      }
    },
    "node_modules/victory-tooltip": {
      "version": "34.3.12",
      "resolved": "https://registry.npmjs.org/victory-tooltip/-/victory-tooltip-34.3.12.tgz",
      "integrity": "sha512-dj3CquRlDW9pC/5O92H5BSrPKVAWjANB2EbioOLjD6RhdnFgk7CqmWUVMO3OIteJHOOiYKARBqpC6GQEdpn23w==",
      "dependencies": {
        "lodash": "^4.17.15",
        "prop-types": "^15.5.8",
        "victory-core": "^34.3.12"
      }
    },
    "node_modules/victory-vendor": {
      "version": "36.6.10",
      "resolved": "https://registry.npmjs.org/victory-vendor/-/victory-vendor-36.6.10.tgz",
      "integrity": "sha512-7YqYGtsA4mByokBhCjk+ewwPhUfzhR1I3Da6/ZsZUv/31ceT77RKoaqrxRq5Ki+9we4uzf7+A+7aG2sfYhm7nA==",
      "dependencies": {
        "@types/d3-array": "^3.0.3",
        "@types/d3-ease": "^3.0.0",
        "@types/d3-interpolate": "^3.0.1",
        "@types/d3-scale": "^4.0.2",
        "@types/d3-shape": "^3.1.0",
        "@types/d3-time": "^3.0.0",
        "@types/d3-timer": "^3.0.0",
        "d3-array": "^3.1.6",
        "d3-ease": "^3.0.1",
        "d3-interpolate": "^3.0.1",
        "d3-scale": "^4.0.2",
        "d3-shape": "^3.1.0",
        "d3-time": "^3.0.0",
        "d3-timer": "^3.0.1"
      }
    },
    "node_modules/victory-vendor/node_modules/d3-array": {
      "version": "3.2.4",
      "resolved": "https://registry.npmjs.org/d3-array/-/d3-array-3.2.4.tgz",
      "integrity": "sha512-tdQAmyA18i4J7wprpYq8ClcxZy3SC31QMeByyCFyRt7BVHdREQZ5lpzoe5mFEYZUWe+oq8HBvk9JjpibyEV4Jg==",
      "dependencies": {
        "internmap": "1 - 2"
      },
      "engines": {
        "node": ">=12"
      }
    },
    "node_modules/victory-vendor/node_modules/d3-ease": {
      "version": "3.0.1",
      "resolved": "https://registry.npmjs.org/d3-ease/-/d3-ease-3.0.1.tgz",
      "integrity": "sha512-wR/XK3D3XcLIZwpbvQwQ5fK+8Ykds1ip7A2Txe0yxncXSdq1L9skcG7blcedkOX+ZcgxGAmLX1FrRGbADwzi0w==",
      "engines": {
        "node": ">=12"
      }
    },
    "node_modules/victory-vendor/node_modules/d3-interpolate": {
      "version": "3.0.1",
      "resolved": "https://registry.npmjs.org/d3-interpolate/-/d3-interpolate-3.0.1.tgz",
      "integrity": "sha512-3bYs1rOD33uo8aqJfKP3JWPAibgw8Zm2+L9vBKEHJ2Rg+viTR7o5Mmv5mZcieN+FRYaAOWX5SJATX6k1PWz72g==",
      "dependencies": {
        "d3-color": "1 - 3"
      },
      "engines": {
        "node": ">=12"
      }
    },
    "node_modules/victory-vendor/node_modules/d3-path": {
      "version": "3.1.0",
      "resolved": "https://registry.npmjs.org/d3-path/-/d3-path-3.1.0.tgz",
      "integrity": "sha512-p3KP5HCf/bvjBSSKuXid6Zqijx7wIfNW+J/maPs+iwR35at5JCbLUT0LzF1cnjbCHWhqzQTIN2Jpe8pRebIEFQ==",
      "engines": {
        "node": ">=12"
      }
    },
    "node_modules/victory-vendor/node_modules/d3-scale": {
      "version": "4.0.2",
      "resolved": "https://registry.npmjs.org/d3-scale/-/d3-scale-4.0.2.tgz",
      "integrity": "sha512-GZW464g1SH7ag3Y7hXjf8RoUuAFIqklOAq3MRl4OaWabTFJY9PN/E1YklhXLh+OQ3fM9yS2nOkCoS+WLZ6kvxQ==",
      "dependencies": {
        "d3-array": "2.10.0 - 3",
        "d3-format": "1 - 3",
        "d3-interpolate": "1.2.0 - 3",
        "d3-time": "2.1.1 - 3",
        "d3-time-format": "2 - 4"
      },
      "engines": {
        "node": ">=12"
      }
    },
    "node_modules/victory-vendor/node_modules/d3-shape": {
      "version": "3.2.0",
      "resolved": "https://registry.npmjs.org/d3-shape/-/d3-shape-3.2.0.tgz",
      "integrity": "sha512-SaLBuwGm3MOViRq2ABk3eLoxwZELpH6zhl3FbAoJ7Vm1gofKx6El1Ib5z23NUEhF9AsGl7y+dzLe5Cw2AArGTA==",
      "dependencies": {
        "d3-path": "^3.1.0"
      },
      "engines": {
        "node": ">=12"
      }
    },
    "node_modules/victory-vendor/node_modules/d3-time": {
      "version": "3.1.0",
      "resolved": "https://registry.npmjs.org/d3-time/-/d3-time-3.1.0.tgz",
      "integrity": "sha512-VqKjzBLejbSMT4IgbmVgDjpkYrNWUYJnbCGo874u7MMKIWsILRX+OpX/gTk8MqjpT1A/c6HY2dCA77ZN0lkQ2Q==",
      "dependencies": {
        "d3-array": "2 - 3"
      },
      "engines": {
        "node": ">=12"
      }
    },
    "node_modules/victory-vendor/node_modules/d3-timer": {
      "version": "3.0.1",
      "resolved": "https://registry.npmjs.org/d3-timer/-/d3-timer-3.0.1.tgz",
      "integrity": "sha512-ndfJ/JxxMd3nw31uyKoY2naivF+r29V+Lc0svZxe1JvvIRmi8hUsrMvdOwgS1o6uBHmiz91geQ0ylPP0aj1VUA==",
      "engines": {
        "node": ">=12"
      }
    },
    "node_modules/victory-voronoi": {
      "version": "34.3.12",
      "resolved": "https://registry.npmjs.org/victory-voronoi/-/victory-voronoi-34.3.12.tgz",
      "integrity": "sha512-YTT5IEnDpGNril8cnqxA+QdalgaoAZkdwNW88o1dPfPK5qiR7ChPBl23DmOIxbZefuQ+w6XnAeNpAJJ3AdBnKg==",
      "dependencies": {
        "d3-voronoi": "^1.1.2",
        "lodash": "^4.17.15",
        "prop-types": "^15.5.8",
        "victory-core": "^34.3.12"
      }
    },
    "node_modules/victory-voronoi-container": {
      "version": "34.3.12",
      "resolved": "https://registry.npmjs.org/victory-voronoi-container/-/victory-voronoi-container-34.3.12.tgz",
      "integrity": "sha512-wVo+6vd2+h4V7gP851zjH12d88l9Wa833CA+omdniGgGhNmJXrrFPXpNFuWu6Mk56gb4KBknayQsJxw2tGA9cg==",
      "dependencies": {
        "delaunay-find": "0.0.5",
        "lodash": "^4.17.15",
        "prop-types": "^15.5.8",
        "react-fast-compare": "^2.0.0",
        "victory-core": "^34.3.12",
        "victory-tooltip": "^34.3.12"
      }
    },
    "node_modules/victory-zoom-container": {
      "version": "34.3.12",
      "resolved": "https://registry.npmjs.org/victory-zoom-container/-/victory-zoom-container-34.3.12.tgz",
      "integrity": "sha512-gOzh6j2cV1VIjvzBQZkjAJN0jJWffGZqiS5J8NTQEojPrIQtcbW5C7I+9gV/T9HIW/tDbcW/65LUg1vSCyMPEQ==",
      "dependencies": {
        "lodash": "^4.17.15",
        "prop-types": "^15.5.8",
        "victory-core": "^34.3.12"
      }
    }
  }
}
